
Microsoft Visual Studio Solution File, Format Version 12.00
# Visual Studio 15
VisualStudioVersion = 15.0.27004.2009
MinimumVisualStudioVersion = 10.0.40219.1
Project("{FAE04EC0-301F-11D3-BF4B-00C04F79EFBC}") = "RestImageResize.WebPackageTest", "RestImageResize.WebPackageTest\RestImageResize.WebPackageTest.csproj", "{F345787E-4760-4B88-83DF-369137C3F07E}"
EndProject
Project("{FAE04EC0-301F-11D3-BF4B-00C04F79EFBC}") = "RestImageResize", "RestImageResize\RestImageResize.csproj", "{61C67F04-6B5E-4585-BC89-67C43AB47B2C}"
EndProject
Project("{FAE04EC0-301F-11D3-BF4B-00C04F79EFBC}") = "RestImageResize.WebTest", "RestImageResize.WebTest\RestImageResize.WebTest.csproj", "{4C1F4E31-4158-484E-B104-A4D9F6E3B231}"
EndProject
Project("{FAE04EC0-301F-11D3-BF4B-00C04F79EFBC}") = "RestImageResize.EPiServer", "RestImageResize.EPiServer\RestImageResize.EPiServer.csproj", "{12A5B65E-ACED-4F3F-8BF9-A8AD51934E69}"
EndProject
Project("{2150E333-8FDC-42A3-9474-1A3956D46DE8}") = "Test", "Test", "{F5C4FBB2-D9E8-4281-9CEE-E68B93B2A7F0}"
EndProject
Project("{2150E333-8FDC-42A3-9474-1A3956D46DE8}") = "Solution Items", "Solution Items", "{881944F9-24A1-41E5-985B-F38A91E9D325}"
	ProjectSection(SolutionItems) = preProject
		.gitignore = .gitignore
		License.txt = License.txt
		nuget.config = nuget.config
		README.md = README.md
	EndProjectSection
EndProject
Project("{FAE04EC0-301F-11D3-BF4B-00C04F79EFBC}") = "RestImageResize.EPiServer.Test", "RestImageResize.EPiServer.Test\RestImageResize.EPiServer.Test.csproj", "{47EE7A8C-7807-4B8C-84EB-883BF04EBD41}"
EndProject
Project("{FAE04EC0-301F-11D3-BF4B-00C04F79EFBC}") = "RestImageResize.EPiServer.PackageTest", "RestImageResize.EPiServer.PackageTest\RestImageResize.EPiServer.PackageTest.csproj", "{6D1ADB6C-F505-42A2-9AFC-012DA7716D43}"
EndProject
Global
	GlobalSection(SolutionConfigurationPlatforms) = preSolution
		Debug|Any CPU = Debug|Any CPU
		Release|Any CPU = Release|Any CPU
	EndGlobalSection
	GlobalSection(ProjectConfigurationPlatforms) = postSolution
		{F345787E-4760-4B88-83DF-369137C3F07E}.Debug|Any CPU.ActiveCfg = Debug|Any CPU
		{F345787E-4760-4B88-83DF-369137C3F07E}.Debug|Any CPU.Build.0 = Debug|Any CPU
		{F345787E-4760-4B88-83DF-369137C3F07E}.Release|Any CPU.ActiveCfg = Release|Any CPU
		{F345787E-4760-4B88-83DF-369137C3F07E}.Release|Any CPU.Build.0 = Release|Any CPU
		{61C67F04-6B5E-4585-BC89-67C43AB47B2C}.Debug|Any CPU.ActiveCfg = Debug|Any CPU
		{61C67F04-6B5E-4585-BC89-67C43AB47B2C}.Debug|Any CPU.Build.0 = Debug|Any CPU
		{61C67F04-6B5E-4585-BC89-67C43AB47B2C}.Release|Any CPU.ActiveCfg = Release|Any CPU
		{61C67F04-6B5E-4585-BC89-67C43AB47B2C}.Release|Any CPU.Build.0 = Release|Any CPU
		{4C1F4E31-4158-484E-B104-A4D9F6E3B231}.Debug|Any CPU.ActiveCfg = Debug|Any CPU
		{4C1F4E31-4158-484E-B104-A4D9F6E3B231}.Debug|Any CPU.Build.0 = Debug|Any CPU
		{4C1F4E31-4158-484E-B104-A4D9F6E3B231}.Release|Any CPU.ActiveCfg = Release|Any CPU
		{4C1F4E31-4158-484E-B104-A4D9F6E3B231}.Release|Any CPU.Build.0 = Release|Any CPU
		{12A5B65E-ACED-4F3F-8BF9-A8AD51934E69}.Debug|Any CPU.ActiveCfg = Debug|Any CPU
		{12A5B65E-ACED-4F3F-8BF9-A8AD51934E69}.Debug|Any CPU.Build.0 = Debug|Any CPU
		{12A5B65E-ACED-4F3F-8BF9-A8AD51934E69}.Release|Any CPU.ActiveCfg = Release|Any CPU
		{12A5B65E-ACED-4F3F-8BF9-A8AD51934E69}.Release|Any CPU.Build.0 = Release|Any CPU
		{47EE7A8C-7807-4B8C-84EB-883BF04EBD41}.Debug|Any CPU.ActiveCfg = Debug|Any CPU
		{47EE7A8C-7807-4B8C-84EB-883BF04EBD41}.Debug|Any CPU.Build.0 = Debug|Any CPU
		{47EE7A8C-7807-4B8C-84EB-883BF04EBD41}.Release|Any CPU.ActiveCfg = Release|Any CPU
		{47EE7A8C-7807-4B8C-84EB-883BF04EBD41}.Release|Any CPU.Build.0 = Release|Any CPU
		{6D1ADB6C-F505-42A2-9AFC-012DA7716D43}.Debug|Any CPU.ActiveCfg = Debug|Any CPU
		{6D1ADB6C-F505-42A2-9AFC-012DA7716D43}.Debug|Any CPU.Build.0 = Debug|Any CPU
		{6D1ADB6C-F505-42A2-9AFC-012DA7716D43}.Release|Any CPU.ActiveCfg = Release|Any CPU
		{6D1ADB6C-F505-42A2-9AFC-012DA7716D43}.Release|Any CPU.Build.0 = Release|Any CPU
	EndGlobalSection
	GlobalSection(SolutionProperties) = preSolution
		HideSolutionNode = FALSE
	EndGlobalSection
	GlobalSection(NestedProjects) = preSolution
		{F345787E-4760-4B88-83DF-369137C3F07E} = {F5C4FBB2-D9E8-4281-9CEE-E68B93B2A7F0}
		{4C1F4E31-4158-484E-B104-A4D9F6E3B231} = {F5C4FBB2-D9E8-4281-9CEE-E68B93B2A7F0}
		{47EE7A8C-7807-4B8C-84EB-883BF04EBD41} = {F5C4FBB2-D9E8-4281-9CEE-E68B93B2A7F0}
		{6D1ADB6C-F505-42A2-9AFC-012DA7716D43} = {F5C4FBB2-D9E8-4281-9CEE-E68B93B2A7F0}
	EndGlobalSection
	GlobalSection(ExtensibilityGlobals) = postSolution
		SolutionGuid = {5EE02DE9-5622-4E0A-A554-66A26262C05D}
	EndGlobalSection
EndGlobal
